
Microsoft Visual Studio Solution File, Format Version 12.00
# Visual Studio 2013
VisualStudioVersion = 12.0.30501.0
MinimumVisualStudioVersion = 10.0.40219.1
Project("{FAE04EC0-301F-11D3-BF4B-00C04F79EFBC}") = "Indexer.Logic", "Indexer.Logic\Indexer.Logic.csproj", "{D7A908C3-FDAE-47C2-A7C1-7C6AEE10F9A5}"
EndProject
Project("{FAE04EC0-301F-11D3-BF4B-00C04F79EFBC}") = "Indexer.UI", "Indexer.UI\Indexer.UI.csproj", "{C4779C4E-E3EA-411F-AEC8-22CE9B7078CE}"
EndProject
Project("{FAE04EC0-301F-11D3-BF4B-00C04F79EFBC}") = "Indexer.Logic.Test", "Indexer.Logic.Test\Indexer.Logic.Test.csproj", "{33DAFDF0-6426-4C94-934A-47F87281F2A6}"
EndProject
Global
	GlobalSection(SolutionConfigurationPlatforms) = preSolution
		Debug|Any CPU = Debug|Any CPU
		Release|Any CPU = Release|Any CPU
	EndGlobalSection
	GlobalSection(ProjectConfigurationPlatforms) = postSolution
		{D7A908C3-FDAE-47C2-A7C1-7C6AEE10F9A5}.Debug|Any CPU.ActiveCfg = Debug|Any CPU
		{D7A908C3-FDAE-47C2-A7C1-7C6AEE10F9A5}.Debug|Any CPU.Build.0 = Debug|Any CPU
		{D7A908C3-FDAE-47C2-A7C1-7C6AEE10F9A5}.Release|Any CPU.ActiveCfg = Release|Any CPU
		{D7A908C3-FDAE-47C2-A7C1-7C6AEE10F9A5}.Release|Any CPU.Build.0 = Release|Any CPU
		{C4779C4E-E3EA-411F-AEC8-22CE9B7078CE}.Debug|Any CPU.ActiveCfg = Debug|Any CPU
		{C4779C4E-E3EA-411F-AEC8-22CE9B7078CE}.Debug|Any CPU.Build.0 = Debug|Any CPU
		{C4779C4E-E3EA-411F-AEC8-22CE9B7078CE}.Release|Any CPU.ActiveCfg = Release|Any CPU
		{C4779C4E-E3EA-411F-AEC8-22CE9B7078CE}.Release|Any CPU.Build.0 = Release|Any CPU
		{33DAFDF0-6426-4C94-934A-47F87281F2A6}.Debug|Any CPU.ActiveCfg = Debug|Any CPU
		{33DAFDF0-6426-4C94-934A-47F87281F2A6}.Debug|Any CPU.Build.0 = Debug|Any CPU
		{33DAFDF0-6426-4C94-934A-47F87281F2A6}.Release|Any CPU.ActiveCfg = Release|Any CPU
		{33DAFDF0-6426-4C94-934A-47F87281F2A6}.Release|Any CPU.Build.0 = Release|Any CPU
	EndGlobalSection
	GlobalSection(SolutionProperties) = preSolution
		HideSolutionNode = FALSE
	EndGlobalSection
EndGlobal
